
Microsoft Visual Studio Solution File, Format Version 12.00
Project("{FAE04EC0-301F-11D3-BF4B-00C04F79EFBC}") = "AlarmClock", "AlarmClock\AlarmClock.csproj", "{CFF015F4-1CA1-43D0-B1AD-CF6FB4839A93}"
EndProject
Global
	GlobalSection(SolutionConfigurationPlatforms) = preSolution
		Debug|Any CPU = Debug|Any CPU
		Release|Any CPU = Release|Any CPU
	EndGlobalSection
	GlobalSection(ProjectConfigurationPlatforms) = postSolution
		{C83C4EBF-878C-4197-AB63-401E045CAE48}.Debug|Any CPU.ActiveCfg = Debug|Any CPU
		{C83C4EBF-878C-4197-AB63-401E045CAE48}.Debug|Any CPU.Build.0 = Debug|Any CPU
		{C83C4EBF-878C-4197-AB63-401E045CAE48}.Release|Any CPU.ActiveCfg = Release|Any CPU
		{C83C4EBF-878C-4197-AB63-401E045CAE48}.Release|Any CPU.Build.0 = Release|Any CPU
		{CFF015F4-1CA1-43D0-B1AD-CF6FB4839A93}.Debug|Any CPU.ActiveCfg = Debug|Any CPU
		{CFF015F4-1CA1-43D0-B1AD-CF6FB4839A93}.Debug|Any CPU.Build.0 = Debug|Any CPU
		{CFF015F4-1CA1-43D0-B1AD-CF6FB4839A93}.Release|Any CPU.ActiveCfg = Release|Any CPU
		{CFF015F4-1CA1-43D0-B1AD-CF6FB4839A93}.Release|Any CPU.Build.0 = Release|Any CPU
	EndGlobalSection
EndGlobal
